
Microsoft Visual Studio Solution File, Format Version 12.00
# Visual Studio 15
VisualStudioVersion = 15.0.26430.13
MinimumVisualStudioVersion = 10.0.40219.1
Project("{FAE04EC0-301F-11D3-BF4B-00C04F79EFBC}") = "Teste001.Android", "Teste001\Teste001.Android\Teste001.Android.csproj", "{8A06ADAA-84BF-4796-9499-A71237DF9997}"
EndProject
Project("{FAE04EC0-301F-11D3-BF4B-00C04F79EFBC}") = "Teste001", "Teste001\Teste001\Teste001.csproj", "{48EF5303-A148-406B-BB6F-775FA5A0E3CE}"
EndProject
Project("{FAE04EC0-301F-11D3-BF4B-00C04F79EFBC}") = "Teste001.iOS", "Teste001\Teste001.iOS\Teste001.iOS.csproj", "{6B7989EC-8E2E-4AC5-8149-9D9E0A5A70A1}"
EndProject
Global
	GlobalSection(SolutionConfigurationPlatforms) = preSolution
		Ad-Hoc|Any CPU = Ad-Hoc|Any CPU
		Ad-Hoc|ARM = Ad-Hoc|ARM
		Ad-Hoc|iPhone = Ad-Hoc|iPhone
		Ad-Hoc|iPhoneSimulator = Ad-Hoc|iPhoneSimulator
		Ad-Hoc|x64 = Ad-Hoc|x64
		Ad-Hoc|x86 = Ad-Hoc|x86
		AppStore|Any CPU = AppStore|Any CPU
		AppStore|ARM = AppStore|ARM
		AppStore|iPhone = AppStore|iPhone
		AppStore|iPhoneSimulator = AppStore|iPhoneSimulator
		AppStore|x64 = AppStore|x64
		AppStore|x86 = AppStore|x86
		Debug|Any CPU = Debug|Any CPU
		Debug|ARM = Debug|ARM
		Debug|iPhone = Debug|iPhone
		Debug|iPhoneSimulator = Debug|iPhoneSimulator
		Debug|x64 = Debug|x64
		Debug|x86 = Debug|x86
		Release|Any CPU = Release|Any CPU
		Release|ARM = Release|ARM
		Release|iPhone = Release|iPhone
		Release|iPhoneSimulator = Release|iPhoneSimulator
		Release|x64 = Release|x64
		Release|x86 = Release|x86
	EndGlobalSection
	GlobalSection(ProjectConfigurationPlatforms) = postSolution
		{8A06ADAA-84BF-4796-9499-A71237DF9997}.Ad-Hoc|Any CPU.ActiveCfg = Release|Any CPU
		{8A06ADAA-84BF-4796-9499-A71237DF9997}.Ad-Hoc|Any CPU.Build.0 = Release|Any CPU
		{8A06ADAA-84BF-4796-9499-A71237DF9997}.Ad-Hoc|Any CPU.Deploy.0 = Release|Any CPU
		{8A06ADAA-84BF-4796-9499-A71237DF9997}.Ad-Hoc|ARM.ActiveCfg = Release|Any CPU
		{8A06ADAA-84BF-4796-9499-A71237DF9997}.Ad-Hoc|ARM.Build.0 = Release|Any CPU
		{8A06ADAA-84BF-4796-9499-A71237DF9997}.Ad-Hoc|ARM.Deploy.0 = Release|Any CPU
		{8A06ADAA-84BF-4796-9499-A71237DF9997}.Ad-Hoc|iPhone.ActiveCfg = Release|Any CPU
		{8A06ADAA-84BF-4796-9499-A71237DF9997}.Ad-Hoc|iPhone.Build.0 = Release|Any CPU
		{8A06ADAA-84BF-4796-9499-A71237DF9997}.Ad-Hoc|iPhone.Deploy.0 = Release|Any CPU
		{8A06ADAA-84BF-4796-9499-A71237DF9997}.Ad-Hoc|iPhoneSimulator.ActiveCfg = Release|Any CPU
		{8A06ADAA-84BF-4796-9499-A71237DF9997}.Ad-Hoc|iPhoneSimulator.Build.0 = Release|Any CPU
		{8A06ADAA-84BF-4796-9499-A71237DF9997}.Ad-Hoc|iPhoneSimulator.Deploy.0 = Release|Any CPU
		{8A06ADAA-84BF-4796-9499-A71237DF9997}.Ad-Hoc|x64.ActiveCfg = Release|Any CPU
		{8A06ADAA-84BF-4796-9499-A71237DF9997}.Ad-Hoc|x64.Build.0 = Release|Any CPU
		{8A06ADAA-84BF-4796-9499-A71237DF9997}.Ad-Hoc|x64.Deploy.0 = Release|Any CPU
		{8A06ADAA-84BF-4796-9499-A71237DF9997}.Ad-Hoc|x86.ActiveCfg = Release|Any CPU
		{8A06ADAA-84BF-4796-9499-A71237DF9997}.Ad-Hoc|x86.Build.0 = Release|Any CPU
		{8A06ADAA-84BF-4796-9499-A71237DF9997}.Ad-Hoc|x86.Deploy.0 = Release|Any CPU
		{8A06ADAA-84BF-4796-9499-A71237DF9997}.AppStore|Any CPU.ActiveCfg = Release|Any CPU
		{8A06ADAA-84BF-4796-9499-A71237DF9997}.AppStore|Any CPU.Build.0 = Release|Any CPU
		{8A06ADAA-84BF-4796-9499-A71237DF9997}.AppStore|Any CPU.Deploy.0 = Release|Any CPU
		{8A06ADAA-84BF-4796-9499-A71237DF9997}.AppStore|ARM.ActiveCfg = Release|Any CPU
		{8A06ADAA-84BF-4796-9499-A71237DF9997}.AppStore|ARM.Build.0 = Release|Any CPU
		{8A06ADAA-84BF-4796-9499-A71237DF9997}.AppStore|ARM.Deploy.0 = Release|Any CPU
		{8A06ADAA-84BF-4796-9499-A71237DF9997}.AppStore|iPhone.ActiveCfg = Release|Any CPU
		{8A06ADAA-84BF-4796-9499-A71237DF9997}.AppStore|iPhone.Build.0 = Release|Any CPU
		{8A06ADAA-84BF-4796-9499-A71237DF9997}.AppStore|iPhone.Deploy.0 = Release|Any CPU
		{8A06ADAA-84BF-4796-9499-A71237DF9997}.AppStore|iPhoneSimulator.ActiveCfg = Release|Any CPU
		{8A06ADAA-84BF-4796-9499-A71237DF9997}.AppStore|iPhoneSimulator.Build.0 = Release|Any CPU
		{8A06ADAA-84BF-4796-9499-A71237DF9997}.AppStore|iPhoneSimulator.Deploy.0 = Release|Any CPU
		{8A06ADAA-84BF-4796-9499-A71237DF9997}.AppStore|x64.ActiveCfg = Release|Any CPU
		{8A06ADAA-84BF-4796-9499-A71237DF9997}.AppStore|x64.Build.0 = Release|Any CPU
		{8A06ADAA-84BF-4796-9499-A71237DF9997}.AppStore|x64.Deploy.0 = Release|Any CPU
		{8A06ADAA-84BF-4796-9499-A71237DF9997}.AppStore|x86.ActiveCfg = Release|Any CPU
		{8A06ADAA-84BF-4796-9499-A71237DF9997}.AppStore|x86.Build.0 = Release|Any CPU
		{8A06ADAA-84BF-4796-9499-A71237DF9997}.AppStore|x86.Deploy.0 = Release|Any CPU
		{8A06ADAA-84BF-4796-9499-A71237DF9997}.Debug|Any CPU.ActiveCfg = Debug|Any CPU
		{8A06ADAA-84BF-4796-9499-A71237DF9997}.Debug|Any CPU.Build.0 = Debug|Any CPU
		{8A06ADAA-84BF-4796-9499-A71237DF9997}.Debug|Any CPU.Deploy.0 = Debug|Any CPU
		{8A06ADAA-84BF-4796-9499-A71237DF9997}.Debug|ARM.ActiveCfg = Debug|Any CPU
		{8A06ADAA-84BF-4796-9499-A71237DF9997}.Debug|ARM.Build.0 = Debug|Any CPU
		{8A06ADAA-84BF-4796-9499-A71237DF9997}.Debug|ARM.Deploy.0 = Debug|Any CPU
		{8A06ADAA-84BF-4796-9499-A71237DF9997}.Debug|iPhone.ActiveCfg = Debug|Any CPU
		{8A06ADAA-84BF-4796-9499-A71237DF9997}.Debug|iPhone.Build.0 = Debug|Any CPU
		{8A06ADAA-84BF-4796-9499-A71237DF9997}.Debug|iPhone.Deploy.0 = Debug|Any CPU
		{8A06ADAA-84BF-4796-9499-A71237DF9997}.Debug|iPhoneSimulator.ActiveCfg = Debug|Any CPU
		{8A06ADAA-84BF-4796-9499-A71237DF9997}.Debug|iPhoneSimulator.Build.0 = Debug|Any CPU
		{8A06ADAA-84BF-4796-9499-A71237DF9997}.Debug|iPhoneSimulator.Deploy.0 = Debug|Any CPU
		{8A06ADAA-84BF-4796-9499-A71237DF9997}.Debug|x64.ActiveCfg = Debug|Any CPU
		{8A06ADAA-84BF-4796-9499-A71237DF9997}.Debug|x64.Build.0 = Debug|Any CPU
		{8A06ADAA-84BF-4796-9499-A71237DF9997}.Debug|x64.Deploy.0 = Debug|Any CPU
		{8A06ADAA-84BF-4796-9499-A71237DF9997}.Debug|x86.ActiveCfg = Debug|Any CPU
		{8A06ADAA-84BF-4796-9499-A71237DF9997}.Debug|x86.Build.0 = Debug|Any CPU
		{8A06ADAA-84BF-4796-9499-A71237DF9997}.Debug|x86.Deploy.0 = Debug|Any CPU
		{8A06ADAA-84BF-4796-9499-A71237DF9997}.Release|Any CPU.ActiveCfg = Release|Any CPU
		{8A06ADAA-84BF-4796-9499-A71237DF9997}.Release|Any CPU.Build.0 = Release|Any CPU
		{8A06ADAA-84BF-4796-9499-A71237DF9997}.Release|Any CPU.Deploy.0 = Release|Any CPU
		{8A06ADAA-84BF-4796-9499-A71237DF9997}.Release|ARM.ActiveCfg = Release|Any CPU
		{8A06ADAA-84BF-4796-9499-A71237DF9997}.Release|ARM.Build.0 = Release|Any CPU
		{8A06ADAA-84BF-4796-9499-A71237DF9997}.Release|ARM.Deploy.0 = Release|Any CPU
		{8A06ADAA-84BF-4796-9499-A71237DF9997}.Release|iPhone.ActiveCfg = Release|Any CPU
		{8A06ADAA-84BF-4796-9499-A71237DF9997}.Release|iPhone.Build.0 = Release|Any CPU
		{8A06ADAA-84BF-4796-9499-A71237DF9997}.Release|iPhone.Deploy.0 = Release|Any CPU
		{8A06ADAA-84BF-4796-9499-A71237DF9997}.Release|iPhoneSimulator.ActiveCfg = Release|Any CPU
		{8A06ADAA-84BF-4796-9499-A71237DF9997}.Release|iPhoneSimulator.Build.0 = Release|Any CPU
		{8A06ADAA-84BF-4796-9499-A71237DF9997}.Release|iPhoneSimulator.Deploy.0 = Release|Any CPU
		{8A06ADAA-84BF-4796-9499-A71237DF9997}.Release|x64.ActiveCfg = Release|Any CPU
		{8A06ADAA-84BF-4796-9499-A71237DF9997}.Release|x64.Build.0 = Release|Any CPU
		{8A06ADAA-84BF-4796-9499-A71237DF9997}.Release|x64.Deploy.0 = Release|Any CPU
		{8A06ADAA-84BF-4796-9499-A71237DF9997}.Release|x86.ActiveCfg = Release|Any CPU
		{8A06ADAA-84BF-4796-9499-A71237DF9997}.Release|x86.Build.0 = Release|Any CPU
		{8A06ADAA-84BF-4796-9499-A71237DF9997}.Release|x86.Deploy.0 = Release|Any CPU
		{48EF5303-A148-406B-BB6F-775FA5A0E3CE}.Ad-Hoc|Any CPU.ActiveCfg = Release|Any CPU
		{48EF5303-A148-406B-BB6F-775FA5A0E3CE}.Ad-Hoc|Any CPU.Build.0 = Release|Any CPU
		{48EF5303-A148-406B-BB6F-775FA5A0E3CE}.Ad-Hoc|ARM.ActiveCfg = Release|Any CPU
		{48EF5303-A148-406B-BB6F-775FA5A0E3CE}.Ad-Hoc|ARM.Build.0 = Release|Any CPU
		{48EF5303-A148-406B-BB6F-775FA5A0E3CE}.Ad-Hoc|iPhone.ActiveCfg = Release|Any CPU
		{48EF5303-A148-406B-BB6F-775FA5A0E3CE}.Ad-Hoc|iPhone.Build.0 = Release|Any CPU
		{48EF5303-A148-406B-BB6F-775FA5A0E3CE}.Ad-Hoc|iPhoneSimulator.ActiveCfg = Release|Any CPU
		{48EF5303-A148-406B-BB6F-775FA5A0E3CE}.Ad-Hoc|iPhoneSimulator.Build.0 = Release|Any CPU
		{48EF5303-A148-406B-BB6F-775FA5A0E3CE}.Ad-Hoc|x64.ActiveCfg = Release|Any CPU
		{48EF5303-A148-406B-BB6F-775FA5A0E3CE}.Ad-Hoc|x64.Build.0 = Release|Any CPU
		{48EF5303-A148-406B-BB6F-775FA5A0E3CE}.Ad-Hoc|x86.ActiveCfg = Release|Any CPU
		{48EF5303-A148-406B-BB6F-775FA5A0E3CE}.Ad-Hoc|x86.Build.0 = Release|Any CPU
		{48EF5303-A148-406B-BB6F-775FA5A0E3CE}.AppStore|Any CPU.ActiveCfg = Release|Any CPU
		{48EF5303-A148-406B-BB6F-775FA5A0E3CE}.AppStore|Any CPU.Build.0 = Release|Any CPU
		{48EF5303-A148-406B-BB6F-775FA5A0E3CE}.AppStore|ARM.ActiveCfg = Release|Any CPU
		{48EF5303-A148-406B-BB6F-775FA5A0E3CE}.AppStore|ARM.Build.0 = Release|Any CPU
		{48EF5303-A148-406B-BB6F-775FA5A0E3CE}.AppStore|iPhone.ActiveCfg = Release|Any CPU
		{48EF5303-A148-406B-BB6F-775FA5A0E3CE}.AppStore|iPhone.Build.0 = Release|Any CPU
		{48EF5303-A148-406B-BB6F-775FA5A0E3CE}.AppStore|iPhoneSimulator.ActiveCfg = Release|Any CPU
		{48EF5303-A148-406B-BB6F-775FA5A0E3CE}.AppStore|iPhoneSimulator.Build.0 = Release|Any CPU
		{48EF5303-A148-406B-BB6F-775FA5A0E3CE}.AppStore|x64.ActiveCfg = Release|Any CPU
		{48EF5303-A148-406B-BB6F-775FA5A0E3CE}.AppStore|x64.Build.0 = Release|Any CPU
		{48EF5303-A148-406B-BB6F-775FA5A0E3CE}.AppStore|x86.ActiveCfg = Release|Any CPU
		{48EF5303-A148-406B-BB6F-775FA5A0E3CE}.AppStore|x86.Build.0 = Release|Any CPU
		{48EF5303-A148-406B-BB6F-775FA5A0E3CE}.Debug|Any CPU.ActiveCfg = Debug|Any CPU
		{48EF5303-A148-406B-BB6F-775FA5A0E3CE}.Debug|Any CPU.Build.0 = Debug|Any CPU
		{48EF5303-A148-406B-BB6F-775FA5A0E3CE}.Debug|ARM.ActiveCfg = Debug|Any CPU
		{48EF5303-A148-406B-BB6F-775FA5A0E3CE}.Debug|ARM.Build.0 = Debug|Any CPU
		{48EF5303-A148-406B-BB6F-775FA5A0E3CE}.Debug|iPhone.ActiveCfg = Debug|Any CPU
		{48EF5303-A148-406B-BB6F-775FA5A0E3CE}.Debug|iPhone.Build.0 = Debug|Any CPU
		{48EF5303-A148-406B-BB6F-775FA5A0E3CE}.Debug|iPhoneSimulator.ActiveCfg = Debug|Any CPU
		{48EF5303-A148-406B-BB6F-775FA5A0E3CE}.Debug|iPhoneSimulator.Build.0 = Debug|Any CPU
		{48EF5303-A148-406B-BB6F-775FA5A0E3CE}.Debug|x64.ActiveCfg = Debug|Any CPU
		{48EF5303-A148-406B-BB6F-775FA5A0E3CE}.Debug|x64.Build.0 = Debug|Any CPU
		{48EF5303-A148-406B-BB6F-775FA5A0E3CE}.Debug|x86.ActiveCfg = Debug|Any CPU
		{48EF5303-A148-406B-BB6F-775FA5A0E3CE}.Debug|x86.Build.0 = Debug|Any CPU
		{48EF5303-A148-406B-BB6F-775FA5A0E3CE}.Release|Any CPU.ActiveCfg = Release|Any CPU
		{48EF5303-A148-406B-BB6F-775FA5A0E3CE}.Release|Any CPU.Build.0 = Release|Any CPU
		{48EF5303-A148-406B-BB6F-775FA5A0E3CE}.Release|ARM.ActiveCfg = Release|Any CPU
		{48EF5303-A148-406B-BB6F-775FA5A0E3CE}.Release|ARM.Build.0 = Release|Any CPU
		{48EF5303-A148-406B-BB6F-775FA5A0E3CE}.Release|iPhone.ActiveCfg = Release|Any CPU
		{48EF5303-A148-406B-BB6F-775FA5A0E3CE}.Release|iPhone.Build.0 = Release|Any CPU
		{48EF5303-A148-406B-BB6F-775FA5A0E3CE}.Release|iPhoneSimulator.ActiveCfg = Release|Any CPU
		{48EF5303-A148-406B-BB6F-775FA5A0E3CE}.Release|iPhoneSimulator.Build.0 = Release|Any CPU
		{48EF5303-A148-406B-BB6F-775FA5A0E3CE}.Release|x64.ActiveCfg = Release|Any CPU
		{48EF5303-A148-406B-BB6F-775FA5A0E3CE}.Release|x64.Build.0 = Release|Any CPU
		{48EF5303-A148-406B-BB6F-775FA5A0E3CE}.Release|x86.ActiveCfg = Release|Any CPU
		{48EF5303-A148-406B-BB6F-775FA5A0E3CE}.Release|x86.Build.0 = Release|Any CPU
		{6B7989EC-8E2E-4AC5-8149-9D9E0A5A70A1}.Ad-Hoc|Any CPU.ActiveCfg = Ad-Hoc|iPhone
		{6B7989EC-8E2E-4AC5-8149-9D9E0A5A70A1}.Ad-Hoc|ARM.ActiveCfg = Ad-Hoc|iPhone
		{6B7989EC-8E2E-4AC5-8149-9D9E0A5A70A1}.Ad-Hoc|iPhone.ActiveCfg = Ad-Hoc|iPhone
		{6B7989EC-8E2E-4AC5-8149-9D9E0A5A70A1}.Ad-Hoc|iPhone.Build.0 = Ad-Hoc|iPhone
		{6B7989EC-8E2E-4AC5-8149-9D9E0A5A70A1}.Ad-Hoc|iPhoneSimulator.ActiveCfg = Ad-Hoc|iPhoneSimulator
		{6B7989EC-8E2E-4AC5-8149-9D9E0A5A70A1}.Ad-Hoc|iPhoneSimulator.Build.0 = Ad-Hoc|iPhoneSimulator
		{6B7989EC-8E2E-4AC5-8149-9D9E0A5A70A1}.Ad-Hoc|x64.ActiveCfg = Ad-Hoc|iPhone
		{6B7989EC-8E2E-4AC5-8149-9D9E0A5A70A1}.Ad-Hoc|x86.ActiveCfg = Ad-Hoc|iPhone
		{6B7989EC-8E2E-4AC5-8149-9D9E0A5A70A1}.AppStore|Any CPU.ActiveCfg = AppStore|iPhone
		{6B7989EC-8E2E-4AC5-8149-9D9E0A5A70A1}.AppStore|ARM.ActiveCfg = AppStore|iPhone
		{6B7989EC-8E2E-4AC5-8149-9D9E0A5A70A1}.AppStore|iPhone.ActiveCfg = AppStore|iPhone
		{6B7989EC-8E2E-4AC5-8149-9D9E0A5A70A1}.AppStore|iPhone.Build.0 = AppStore|iPhone
		{6B7989EC-8E2E-4AC5-8149-9D9E0A5A70A1}.AppStore|iPhoneSimulator.ActiveCfg = AppStore|iPhoneSimulator
		{6B7989EC-8E2E-4AC5-8149-9D9E0A5A70A1}.AppStore|iPhoneSimulator.Build.0 = AppStore|iPhoneSimulator
		{6B7989EC-8E2E-4AC5-8149-9D9E0A5A70A1}.AppStore|x64.ActiveCfg = AppStore|iPhone
		{6B7989EC-8E2E-4AC5-8149-9D9E0A5A70A1}.AppStore|x86.ActiveCfg = AppStore|iPhone
		{6B7989EC-8E2E-4AC5-8149-9D9E0A5A70A1}.Debug|Any CPU.ActiveCfg = Debug|iPhone
		{6B7989EC-8E2E-4AC5-8149-9D9E0A5A70A1}.Debug|ARM.ActiveCfg = Debug|iPhone
		{6B7989EC-8E2E-4AC5-8149-9D9E0A5A70A1}.Debug|iPhone.ActiveCfg = Debug|iPhone
		{6B7989EC-8E2E-4AC5-8149-9D9E0A5A70A1}.Debug|iPhone.Build.0 = Debug|iPhone
		{6B7989EC-8E2E-4AC5-8149-9D9E0A5A70A1}.Debug|iPhoneSimulator.ActiveCfg = Debug|iPhoneSimulator
		{6B7989EC-8E2E-4AC5-8149-9D9E0A5A70A1}.Debug|iPhoneSimulator.Build.0 = Debug|iPhoneSimulator
		{6B7989EC-8E2E-4AC5-8149-9D9E0A5A70A1}.Debug|x64.ActiveCfg = Debug|iPhone
		{6B7989EC-8E2E-4AC5-8149-9D9E0A5A70A1}.Debug|x86.ActiveCfg = Debug|iPhone
		{6B7989EC-8E2E-4AC5-8149-9D9E0A5A70A1}.Release|Any CPU.ActiveCfg = Release|iPhone
		{6B7989EC-8E2E-4AC5-8149-9D9E0A5A70A1}.Release|ARM.ActiveCfg = Release|iPhone
		{6B7989EC-8E2E-4AC5-8149-9D9E0A5A70A1}.Release|iPhone.ActiveCfg = Release|iPhone
		{6B7989EC-8E2E-4AC5-8149-9D9E0A5A70A1}.Release|iPhone.Build.0 = Release|iPhone
		{6B7989EC-8E2E-4AC5-8149-9D9E0A5A70A1}.Release|iPhoneSimulator.ActiveCfg = Release|iPhoneSimulator
		{6B7989EC-8E2E-4AC5-8149-9D9E0A5A70A1}.Release|iPhoneSimulator.Build.0 = Release|iPhoneSimulator
		{6B7989EC-8E2E-4AC5-8149-9D9E0A5A70A1}.Release|x64.ActiveCfg = Release|iPhone
		{6B7989EC-8E2E-4AC5-8149-9D9E0A5A70A1}.Release|x86.ActiveCfg = Release|iPhone
	EndGlobalSection
	GlobalSection(SolutionProperties) = preSolution
		HideSolutionNode = FALSE
	EndGlobalSection
	GlobalSection(ExtensibilityGlobals) = postSolution
		SolutionGuid = {00956204-B999-4DBE-956C-D3B6EF446207}
	EndGlobalSection
EndGlobal
